
Microsoft Visual Studio Solution File, Format Version 12.00
# Visual Studio Version 17
VisualStudioVersion = 17.3.32825.248
MinimumVisualStudioVersion = 10.0.40219.1
Project("{FAE04EC0-301F-11D3-BF4B-00C04F79EFBC}") = "GamePlatformServer", "GamePlatformServer\GamePlatformServer.csproj", "{D1F281D4-BA42-4EEC-BE88-9D4196BE7AC8}"
EndProject
Global
	GlobalSection(SolutionConfigurationPlatforms) = preSolution
		Debug|Any CPU = Debug|Any CPU
		Release|Any CPU = Release|Any CPU
	EndGlobalSection
	GlobalSection(ProjectConfigurationPlatforms) = postSolution
		{D1F281D4-BA42-4EEC-BE88-9D4196BE7AC8}.Debug|Any CPU.ActiveCfg = Debug|Any CPU
		{D1F281D4-BA42-4EEC-BE88-9D4196BE7AC8}.Debug|Any CPU.Build.0 = Debug|Any CPU
		{D1F281D4-BA42-4EEC-BE88-9D4196BE7AC8}.Release|Any CPU.ActiveCfg = Release|Any CPU
		{D1F281D4-BA42-4EEC-BE88-9D4196BE7AC8}.Release|Any CPU.Build.0 = Release|Any CPU
	EndGlobalSection
	GlobalSection(SolutionProperties) = preSolution
		HideSolutionNode = FALSE
	EndGlobalSection
	GlobalSection(ExtensibilityGlobals) = postSolution
		SolutionGuid = {D3989E93-83CF-4822-B4BA-A6C275977187}
	EndGlobalSection
EndGlobal
